
Microsoft Visual Studio Solution File, Format Version 12.00
# Visual Studio 15
VisualStudioVersion = 15.0.28010.2016
MinimumVisualStudioVersion = 10.0.40219.1
Project("{FAE04EC0-301F-11D3-BF4B-00C04F79EFBC}") = "Ex09-Temperature", "Ex09-Temperature\Ex09-Temperature.csproj", "{5081B3A1-B8F8-4A70-AD71-49B086BA155E}"
EndProject
Project("{FAE04EC0-301F-11D3-BF4B-00C04F79EFBC}") = "UnitTestProject1", "UnitTestProject1\UnitTestProject1.csproj", "{49054797-DCBF-47FD-B83B-C38C9C5EA9FB}"
EndProject
Global
	GlobalSection(SolutionConfigurationPlatforms) = preSolution
		Debug|Any CPU = Debug|Any CPU
		Release|Any CPU = Release|Any CPU
	EndGlobalSection
	GlobalSection(ProjectConfigurationPlatforms) = postSolution
		{5081B3A1-B8F8-4A70-AD71-49B086BA155E}.Debug|Any CPU.ActiveCfg = Debug|Any CPU
		{5081B3A1-B8F8-4A70-AD71-49B086BA155E}.Debug|Any CPU.Build.0 = Debug|Any CPU
		{5081B3A1-B8F8-4A70-AD71-49B086BA155E}.Release|Any CPU.ActiveCfg = Release|Any CPU
		{5081B3A1-B8F8-4A70-AD71-49B086BA155E}.Release|Any CPU.Build.0 = Release|Any CPU
		{49054797-DCBF-47FD-B83B-C38C9C5EA9FB}.Debug|Any CPU.ActiveCfg = Debug|Any CPU
		{49054797-DCBF-47FD-B83B-C38C9C5EA9FB}.Debug|Any CPU.Build.0 = Debug|Any CPU
		{49054797-DCBF-47FD-B83B-C38C9C5EA9FB}.Release|Any CPU.ActiveCfg = Release|Any CPU
		{49054797-DCBF-47FD-B83B-C38C9C5EA9FB}.Release|Any CPU.Build.0 = Release|Any CPU
	EndGlobalSection
	GlobalSection(SolutionProperties) = preSolution
		HideSolutionNode = FALSE
	EndGlobalSection
	GlobalSection(ExtensibilityGlobals) = postSolution
		SolutionGuid = {51DBF1FC-999D-44DA-B31E-6EF61B29CB29}
	EndGlobalSection
EndGlobal
